// !$*UTF8*$!
{
	archiveVersion = 1;
	classes = {
	};
	objectVersion = 46;
	objects = {

/* Begin PBXBuildFile section */
		1954DB1A1F28D640009F8174 /* AppDelegate.swift in Sources */ = {isa = PBXBuildFile; fileRef = 1954DB191F28D640009F8174 /* AppDelegate.swift */; };
		1954DB1C1F28D640009F8174 /* ViewController.swift in Sources */ = {isa = PBXBuildFile; fileRef = 1954DB1B1F28D640009F8174 /* ViewController.swift */; };
		1954DB1F1F28D640009F8174 /* Main.storyboard in Resources */ = {isa = PBXBuildFile; fileRef = 1954DB1D1F28D640009F8174 /* Main.storyboard */; };
		1954DB211F28D640009F8174 /* Assets.xcassets in Resources */ = {isa = PBXBuildFile; fileRef = 1954DB201F28D640009F8174 /* Assets.xcassets */; };
		1954DB241F28D640009F8174 /* LaunchScreen.storyboard in Resources */ = {isa = PBXBuildFile; fileRef = 1954DB221F28D640009F8174 /* LaunchScreen.storyboard */; };
		1954DB2F1F28D640009F8174 /* sampleSourceTests.swift in Sources */ = {isa = PBXBuildFile; fileRef = 1954DB2E1F28D640009F8174 /* sampleSourceTests.swift */; };
		1954DB3A1F28D640009F8174 /* sampleSourceUITests.swift in Sources */ = {isa = PBXBuildFile; fileRef = 1954DB391F28D640009F8174 /* sampleSourceUITests.swift */; };
/* End PBXBuildFile section */

/* Begin PBXContainerItemProxy section */
		1954DB2B1F28D640009F8174 /* PBXContainerItemProxy */ = {
			isa = PBXContainerItemProxy;
			containerPortal = 1954DB0E1F28D640009F8174 /* Project object */;
			proxyType = 1;
			remoteGlobalIDString = 1954DB151F28D640009F8174;
			remoteInfo = sampleSource;
		};
		1954DB361F28D640009F8174 /* PBXContainerItemProxy */ = {
			isa = PBXContainerItemProxy;
			containerPortal = 1954DB0E1F28D640009F8174 /* Project object */;
			proxyType = 1;
			remoteGlobalIDString = 1954DB151F28D640009F8174;
			remoteInfo = sampleSource;
		};
/* End PBXContainerItemProxy section */

/* Begin PBXFileReference section */
		1954DB161F28D640009F8174 /* sampleSource.app */ = {isa = PBXFileReference; explicitFileType = wrapper.application; includeInIndex = 0; path = sampleSource.app; sourceTree = BUILT_PRODUCTS_DIR; };
		1954DB191F28D640009F8174 /* AppDelegate.swift */ = {isa = PBXFileReference; lastKnownFileType = sourcecode.swift; path = AppDelegate.swift; sourceTree = "<group>"; };
		1954DB1B1F28D640009F8174 /* ViewController.swift */ = {isa = PBXFileReference; lastKnownFileType = sourcecode.swift; path = ViewController.swift; sourceTree = "<group>"; };
		1954DB1E1F28D640009F8174 /* Base */ = {isa = PBXFileReference; lastKnownFileType = file.storyboard; name = Base; path = Base.lproj/Main.storyboard; sourceTree = "<group>"; };
		1954DB201F28D640009F8174 /* Assets.xcassets */ = {isa = PBXFileReference; lastKnownFileType = folder.assetcatalog; path = Assets.xcassets; sourceTree = "<group>"; };
		1954DB231F28D640009F8174 /* Base */ = {isa = PBXFileReference; lastKnownFileType = file.storyboard; name = Base; path = Base.lproj/LaunchScreen.storyboard; sourceTree = "<group>"; };
		1954DB251F28D640009F8174 /* Info.plist */ = {isa = PBXFileReference; lastKnownFileType = text.plist.xml; path = Info.plist; sourceTree = "<group>"; };
		1954DB2A1F28D640009F8174 /* sampleSourceTests.xctest */ = {isa = PBXFileReference; explicitFileType = wrapper.cfbundle; includeInIndex = 0; path = sampleSourceTests.xctest; sourceTree = BUILT_PRODUCTS_DIR; };
		1954DB2E1F28D640009F8174 /* sampleSourceTests.swift */ = {isa = PBXFileReference; lastKnownFileType = sourcecode.swift; path = sampleSourceTests.swift; sourceTree = "<group>"; };
		1954DB301F28D640009F8174 /* Info.plist */ = {isa = PBXFileReference; lastKnownFileType = text.plist.xml; path = Info.plist; sourceTree = "<group>"; };
		1954DB351F28D640009F8174 /* sampleSourceUITests.xctest */ = {isa = PBXFileReference; explicitFileType = wrapper.cfbundle; includeInIndex = 0; path = sampleSourceUITests.xctest; sourceTree = BUILT_PRODUCTS_DIR; };
		1954DB391F28D640009F8174 /* sampleSourceUITests.swift */ = {isa = PBXFileReference; lastKnownFileType = sourcecode.swift; path = sampleSourceUITests.swift; sourceTree = "<group>"; };
		1954DB3B1F28D640009F8174 /* Info.plist */ = {isa = PBXFileReference; lastKnownFileType = text.plist.xml; path = Info.plist; sourceTree = "<group>"; };
/* End PBXFileReference section */

/* Begin PBXFrameworksBuildPhase section */
		1954DB131F28D640009F8174 /* Frameworks */ = {
			isa = PBXFrameworksBuildPhase;
			buildActionMask = 2147483647;
			files = (
			);
			runOnlyForDeploymentPostprocessing = 0;
		};
		1954DB271F28D640009F8174 /* Frameworks */ = {
			isa = PBXFrameworksBuildPhase;
			buildActionMask = 2147483647;
			files = (
			);
			runOnlyForDeploymentPostprocessing = 0;
		};
		1954DB321F28D640009F8174 /* Frameworks */ = {
			isa = PBXFrameworksBuildPhase;
			buildActionMask = 2147483647;
			files = (
			);
			runOnlyForDeploymentPostprocessing = 0;
		};
/* End PBXFrameworksBuildPhase section */

/* Begin PBXGroup section */
		1954DB0D1F28D640009F8174 = {
			isa = PBXGroup;
			children = (
				1954DB181F28D640009F8174 /* sampleSource */,
				1954DB2D1F28D640009F8174 /* sampleSourceTests */,
				1954DB381F28D640009F8174 /* sampleSourceUITests */,
				1954DB171F28D640009F8174 /* Products */,
			);
			sourceTree = "<group>";
		};
		1954DB171F28D640009F8174 /* Products */ = {
			isa = PBXGroup;
			children = (
				1954DB161F28D640009F8174 /* sampleSource.app */,
				1954DB2A1F28D640009F8174 /* sampleSourceTests.xctest */,
				1954DB351F28D640009F8174 /* sampleSourceUITests.xctest */,
			);
			name = Products;
			sourceTree = "<group>";
		};
		1954DB181F28D640009F8174 /* sampleSource */ = {
			isa = PBXGroup;
			children = (
				1954DB191F28D640009F8174 /* AppDelegate.swift */,
				1954DB1B1F28D640009F8174 /* ViewController.swift */,
				1954DB1D1F28D640009F8174 /* Main.storyboard */,
				1954DB201F28D640009F8174 /* Assets.xcassets */,
				1954DB221F28D640009F8174 /* LaunchScreen.storyboard */,
				1954DB251F28D640009F8174 /* Info.plist */,
			);
			path = sampleSource;
			sourceTree = "<group>";
		};
		1954DB2D1F28D640009F8174 /* sampleSourceTests */ = {
			isa = PBXGroup;
			children = (
				1954DB2E1F28D640009F8174 /* sampleSourceTests.swift */,
				1954DB301F28D640009F8174 /* Info.plist */,
			);
			path = sampleSourceTests;
			sourceTree = "<group>";
		};
		1954DB381F28D640009F8174 /* sampleSourceUITests */ = {
			isa = PBXGroup;
			children = (
				1954DB391F28D640009F8174 /* sampleSourceUITests.swift */,
				1954DB3B1F28D640009F8174 /* Info.plist */,
			);
			path = sampleSourceUITests;
			sourceTree = "<group>";
		};
/* End PBXGroup section */

/* Begin PBXNativeTarget section */
		1954DB151F28D640009F8174 /* sampleSource */ = {
			isa = PBXNativeTarget;
			buildConfigurationList = 1954DB3E1F28D640009F8174 /* Build configuration list for PBXNativeTarget "sampleSource" */;
			buildPhases = (
				1954DB121F28D640009F8174 /* Sources */,
				1954DB131F28D640009F8174 /* Frameworks */,
				1954DB141F28D640009F8174 /* Resources */,
			);
			buildRules = (
			);
			dependencies = (
			);
			name = sampleSource;
			productName = sampleSource;
			productReference = 1954DB161F28D640009F8174 /* sampleSource.app */;
			productType = "com.apple.product-type.application";
		};
		1954DB291F28D640009F8174 /* sampleSourceTests */ = {
			isa = PBXNativeTarget;
			buildConfigurationList = 1954DB411F28D640009F8174 /* Build configuration list for PBXNativeTarget "sampleSourceTests" */;
			buildPhases = (
				1954DB261F28D640009F8174 /* Sources */,
				1954DB271F28D640009F8174 /* Frameworks */,
				1954DB281F28D640009F8174 /* Resources */,
			);
			buildRules = (
			);
			dependencies = (
				1954DB2C1F28D640009F8174 /* PBXTargetDependency */,
			);
			name = sampleSourceTests;
			productName = sampleSourceTests;
			productReference = 1954DB2A1F28D640009F8174 /* sampleSourceTests.xctest */;
			productType = "com.apple.product-type.bundle.unit-test";
		};
		1954DB341F28D640009F8174 /* sampleSourceUITests */ = {
			isa = PBXNativeTarget;
			buildConfigurationList = 1954DB441F28D640009F8174 /* Build configuration list for PBXNativeTarget "sampleSourceUITests" */;
			buildPhases = (
				1954DB311F28D640009F8174 /* Sources */,
				1954DB321F28D640009F8174 /* Frameworks */,
				1954DB331F28D640009F8174 /* Resources */,
			);
			buildRules = (
			);
			dependencies = (
				1954DB371F28D640009F8174 /* PBXTargetDependency */,
			);
			name = sampleSourceUITests;
			productName = sampleSourceUITests;
			productReference = 1954DB351F28D640009F8174 /* sampleSourceUITests.xctest */;
			productType = "com.apple.product-type.bundle.ui-testing";
		};
/* End PBXNativeTarget section */

/* Begin PBXProject section */
		1954DB0E1F28D640009F8174 /* Project object */ = {
			isa = PBXProject;
			attributes = {
				LastSwiftUpdateCheck = 0830;
				LastUpgradeCheck = 0830;
				ORGANIZATIONNAME = "Eriko Ichinohe";
				TargetAttributes = {
					1954DB151F28D640009F8174 = {
						CreatedOnToolsVersion = 8.3.3;
						ProvisioningStyle = Automatic;
					};
					1954DB291F28D640009F8174 = {
						CreatedOnToolsVersion = 8.3.3;
						ProvisioningStyle = Automatic;
						TestTargetID = 1954DB151F28D640009F8174;
					};
					1954DB341F28D640009F8174 = {
						CreatedOnToolsVersion = 8.3.3;
						ProvisioningStyle = Automatic;
						TestTargetID = 1954DB151F28D640009F8174;
					};
				};
			};
			buildConfigurationList = 1954DB111F28D640009F8174 /* Build configuration list for PBXProject "sampleSource" */;
			compatibilityVersion = "Xcode 3.2";
			developmentRegion = English;
			hasScannedForEncodings = 0;
			knownRegions = (
				en,
				Base,
			);
			mainGroup = 1954DB0D1F28D640009F8174;
			productRefGroup = 1954DB171F28D640009F8174 /* Products */;
			projectDirPath = "";
			projectRoot = "";
			targets = (
				1954DB151F28D640009F8174 /* sampleSource */,
				1954DB291F28D640009F8174 /* sampleSourceTests */,
				1954DB341F28D640009F8174 /* sampleSourceUITests */,
			);
		};
/* End PBXProject section */

/* Begin PBXResourcesBuildPhase section */
		1954DB141F28D640009F8174 /* Resources */ = {
			isa = PBXResourcesBuildPhase;
			buildActionMask = 2147483647;
			files = (
				1954DB241F28D640009F8174 /* LaunchScreen.storyboard in Resources */,
				1954DB211F28D640009F8174 /* Assets.xcassets in Resources */,
				1954DB1F1F28D640009F8174 /* Main.storyboard in Resources */,
			);
			runOnlyForDeploymentPostprocessing = 0;
		};
		1954DB281F28D640009F8174 /* Resources */ = {
			isa = PBXResourcesBuildPhase;
			buildActionMask = 2147483647;
			files = (
			);
			runOnlyForDeploymentPostprocessing = 0;
		};
		1954DB331F28D640009F8174 /* Resources */ = {
			isa = PBXResourcesBuildPhase;
			buildActionMask = 2147483647;
			files = (
			);
			runOnlyForDeploymentPostprocessing = 0;
		};
/* End PBXResourcesBuildPhase section */

/* Begin PBXSourcesBuildPhase section */
		1954DB121F28D640009F8174 /* Sources */ = {
			isa = PBXSourcesBuildPhase;
			buildActionMask = 2147483647;
			files = (
				1954DB1C1F28D640009F8174 /* ViewController.swift in Sources */,
				1954DB1A1F28D640009F8174 /* AppDelegate.swift in Sources */,
			);
			runOnlyForDeploymentPostprocessing = 0;
		};
		1954DB261F28D640009F8174 /* Sources */ = {
			isa = PBXSourcesBuildPhase;
			buildActionMask = 2147483647;
			files = (
				1954DB2F1F28D640009F8174 /* sampleSourceTests.swift in Sources */,
			);
			runOnlyForDeploymentPostprocessing = 0;
		};
		1954DB311F28D640009F8174 /* Sources */ = {
			isa = PBXSourcesBuildPhase;
			buildActionMask = 2147483647;
			files = (
				1954DB3A1F28D640009F8174 /* sampleSourceUITests.swift in Sources */,
			);
			runOnlyForDeploymentPostprocessing = 0;
		};
/* End PBXSourcesBuildPhase section */

/* Begin PBXTargetDependency section */
		1954DB2C1F28D640009F8174 /* PBXTargetDependency */ = {
			isa = PBXTargetDependency;
			target = 1954DB151F28D640009F8174 /* sampleSource */;
			targetProxy = 1954DB2B1F28D640009F8174 /* PBXContainerItemProxy */;
		};
		1954DB371F28D640009F8174 /* PBXTargetDependency */ = {
			isa = PBXTargetDependency;
			target = 1954DB151F28D640009F8174 /* sampleSource */;
			targetProxy = 1954DB361F28D640009F8174 /* PBXContainerItemProxy */;
		};
/* End PBXTargetDependency section */

/* Begin PBXVariantGroup section */
		1954DB1D1F28D640009F8174 /* Main.storyboard */ = {
			isa = PBXVariantGroup;
			children = (
				1954DB1E1F28D640009F8174 /* Base */,
			);
			name = Main.storyboard;
			sourceTree = "<group>";
		};
		1954DB221F28D640009F8174 /* LaunchScreen.storyboard */ = {
			isa = PBXVariantGroup;
			children = (
				1954DB231F28D640009F8174 /* Base */,
			);
			name = LaunchScreen.storyboard;
			sourceTree = "<group>";
		};
/* End PBXVariantGroup section */

/* Begin XCBuildConfiguration section */
		1954DB3C1F28D640009F8174 /* Debug */ = {
			isa = XCBuildConfiguration;
			buildSettings = {
				ALWAYS_SEARCH_USER_PATHS = NO;
				CLANG_ANALYZER_NONNULL = YES;
				CLANG_ANALYZER_NUMBER_OBJECT_CONVERSION = YES_AGGRESSIVE;
				CLANG_CXX_LANGUAGE_STANDARD = "gnu++0x";
				CLANG_CXX_LIBRARY = "libc++";
				CLANG_ENABLE_MODULES = YES;
				CLANG_ENABLE_OBJC_ARC = YES;
				CLANG_WARN_BOOL_CONVERSION = YES;
				CLANG_WARN_CONSTANT_CONVERSION = YES;
				CLANG_WARN_DIRECT_OBJC_ISA_USAGE = YES_ERROR;
				CLANG_WARN_DOCUMENTATION_COMMENTS = YES;
				CLANG_WARN_EMPTY_BODY = YES;
				CLANG_WARN_ENUM_CONVERSION = YES;
				CLANG_WARN_INFINITE_RECURSION = YES;
				CLANG_WARN_INT_CONVERSION = YES;
				CLANG_WARN_OBJC_ROOT_CLASS = YES_ERROR;
				CLANG_WARN_SUSPICIOUS_MOVE = YES;
				CLANG_WARN_UNREACHABLE_CODE = YES;
				CLANG_WARN__DUPLICATE_METHOD_MATCH = YES;
				"CODE_SIGN_IDENTITY[sdk=iphoneos*]" = "iPhone Developer";
				COPY_PHASE_STRIP = NO;
				DEBUG_INFORMATION_FORMAT = dwarf;
				ENABLE_STRICT_OBJC_MSGSEND = YES;
				ENABLE_TESTABILITY = YES;
				GCC_C_LANGUAGE_STANDARD = gnu99;
				GCC_DYNAMIC_NO_PIC = NO;
				GCC_NO_COMMON_BLOCKS = YES;
				GCC_OPTIMIZATION_LEVEL = 0;
				GCC_PREPROCESSOR_DEFINITIONS = (
					"DEBUG=1",
					"$(inherited)",
				);
				GCC_WARN_64_TO_32_BIT_CONVERSION = YES;
				GCC_WARN_ABOUT_RETURN_TYPE = YES_ERROR;
				GCC_WARN_UNDECLARED_SELECTOR = YES;
				GCC_WARN_UNINITIALIZED_AUTOS = YES_AGGRESSIVE;
				GCC_WARN_UNUSED_FUNCTION = YES;
				GCC_WARN_UNUSED_VARIABLE = YES;
				IPHONEOS_DEPLOYMENT_TARGET = 10.3;
				MTL_ENABLE_DEBUG_INFO = YES;
				ONLY_ACTIVE_ARCH = YES;
				SDKROOT = iphoneos;
				SWIFT_ACTIVE_COMPILATION_CONDITIONS = DEBUG;
				SWIFT_OPTIMIZATION_LEVEL = "-Onone";
				TARGETED_DEVICE_FAMILY = "1,2";
			};
			name = Debug;
		};
		1954DB3D1F28D640009F8174 /* Release */ = {
			isa = XCBuildConfiguration;
			buildSettings = {
				ALWAYS_SEARCH_USER_PATHS = NO;
				CLANG_ANALYZER_NONNULL = YES;
				CLANG_ANALYZER_NUMBER_OBJECT_CONVERSION = YES_AGGRESSIVE;
				CLANG_CXX_LANGUAGE_STANDARD = "gnu++0x";
				CLANG_CXX_LIBRARY = "libc++";
				CLANG_ENABLE_MODULES = YES;
				CLANG_ENABLE_OBJC_ARC = YES;
				CLANG_WARN_BOOL_CONVERSION = YES;
				CLANG_WARN_CONSTANT_CONVERSION = YES;
				CLANG_WARN_DIRECT_OBJC_ISA_USAGE = YES_ERROR;
				CLANG_WARN_DOCUMENTATION_COMMENTS = YES;
				CLANG_WARN_EMPTY_BODY = YES;
				CLANG_WARN_ENUM_CONVERSION = YES;
				CLANG_WARN_INFINITE_RECURSION = YES;
				CLANG_WARN_INT_CONVERSION = YES;
				CLANG_WARN_OBJC_ROOT_CLASS = YES_ERROR;
				CLANG_WARN_SUSPICIOUS_MOVE = YES;
				CLANG_WARN_UNREACHABLE_CODE = YES;
				CLANG_WARN__DUPLICATE_METHOD_MATCH = YES;
				"CODE_SIGN_IDENTITY[sdk=iphoneos*]" = "iPhone Developer";
				COPY_PHASE_STRIP = NO;
				DEBUG_INFORMATION_FORMAT = "dwarf-with-dsym";
				ENABLE_NS_ASSERTIONS = NO;
				ENABLE_STRICT_OBJC_MSGSEND = YES;
				GCC_C_LANGUAGE_STANDARD = gnu99;
				GCC_NO_COMMON_BLOCKS = YES;
				GCC_WARN_64_TO_32_BIT_CONVERSION = YES;
				GCC_WARN_ABOUT_RETURN_TYPE = YES_ERROR;
				GCC_WARN_UNDECLARED_SELECTOR = YES;
				GCC_WARN_UNINITIALIZED_AUTOS = YES_AGGRESSIVE;
				GCC_WARN_UNUSED_FUNCTION = YES;
				GCC_WARN_UNUSED_VARIABLE = YES;
				IPHONEOS_DEPLOYMENT_TARGET = 10.3;
				MTL_ENABLE_DEBUG_INFO = NO;
				SDKROOT = iphoneos;
				SWIFT_OPTIMIZATION_LEVEL = "-Owholemodule";
				TARGETED_DEVICE_FAMILY = "1,2";
				VALIDATE_PRODUCT = YES;
			};
			name = Release;
		};
		1954DB3F1F28D640009F8174 /* Debug */ = {
			isa = XCBuildConfiguration;
			buildSettings = {
				ASSETCATALOG_COMPILER_APPICON_NAME = AppIcon;
				INFOPLIST_FILE = sampleSource/Info.plist;
				LD_RUNPATH_SEARCH_PATHS = "$(inherited) @executable_path/Frameworks";
				PRODUCT_BUNDLE_IDENTIFIER = com.erikoichinohe.sampleSource;
				PRODUCT_NAME = "$(TARGET_NAME)";
				SWIFT_VERSION = 3.0;
			};
			name = Debug;
		};
		1954DB401F28D640009F8174 /* Release */ = {
			isa = XCBuildConfiguration;
			buildSettings = {
				ASSETCATALOG_COMPILER_APPICON_NAME = AppIcon;
				INFOPLIST_FILE = sampleSource/Info.plist;
				LD_RUNPATH_SEARCH_PATHS = "$(inherited) @executable_path/Frameworks";
				PRODUCT_BUNDLE_IDENTIFIER = com.erikoichinohe.sampleSource;
				PRODUCT_NAME = "$(TARGET_NAME)";
				SWIFT_VERSION = 3.0;
			};
			name = Release;
		};
		1954DB421F28D640009F8174 /* Debug */ = {
			isa = XCBuildConfiguration;
			buildSettings = {
				ALWAYS_EMBED_SWIFT_STANDARD_LIBRARIES = YES;
				BUNDLE_LOADER = "$(TEST_HOST)";
				INFOPLIST_FILE = sampleSourceTests/Info.plist;
				LD_RUNPATH_SEARCH_PATHS = "$(inherited) @executable_path/Frameworks @loader_path/Frameworks";
				PRODUCT_BUNDLE_IDENTIFIER = com.erikoichinohe.sampleSourceTests;
				PRODUCT_NAME = "$(TARGET_NAME)";
				SWIFT_VERSION = 3.0;
				TEST_HOST = "$(BUILT_PRODUCTS_DIR)/sampleSource.app/sampleSource";
			};
			name = Debug;
		};
		1954DB431F28D640009F8174 /* Release */ = {
			isa = XCBuildConfiguration;
			buildSettings = {
				ALWAYS_EMBED_SWIFT_STANDARD_LIBRARIES = YES;
				BUNDLE_LOADER = "$(TEST_HOST)";
				INFOPLIST_FILE = sampleSourceTests/Info.plist;
				LD_RUNPATH_SEARCH_PATHS = "$(inherited) @executable_path/Frameworks @loader_path/Frameworks";
				PRODUCT_BUNDLE_IDENTIFIER = com.erikoichinohe.sampleSourceTests;
				PRODUCT_NAME = "$(TARGET_NAME)";
				SWIFT_VERSION = 3.0;
				TEST_HOST = "$(BUILT_PRODUCTS_DIR)/sampleSource.app/sampleSource";
			};
			name = Release;
		};
		1954DB451F28D640009F8174 /* Debug */ = {
			isa = XCBuildConfiguration;
			buildSettings = {
				ALWAYS_EMBED_SWIFT_STANDARD_LIBRARIES = YES;
				INFOPLIST_FILE = sampleSourceUITests/Info.plist;
				LD_RUNPATH_SEARCH_PATHS = "$(inherited) @executable_path/Frameworks @loader_path/Frameworks";
				PRODUCT_BUNDLE_IDENTIFIER = com.erikoichinohe.sampleSourceUITests;
				PRODUCT_NAME = "$(TARGET_NAME)";
				SWIFT_VERSION = 3.0;
				TEST_TARGET_NAME = sampleSource;
			};
			name = Debug;
		};
		1954DB461F28D640009F8174 /* Release */ = {
			isa = XCBuildConfiguration;
			buildSettings = {
				ALWAYS_EMBED_SWIFT_STANDARD_LIBRARIES = YES;
				INFOPLIST_FILE = sampleSourceUITests/Info.plist;
				LD_RUNPATH_SEARCH_PATHS = "$(inherited) @executable_path/Frameworks @loader_path/Frameworks";
				PRODUCT_BUNDLE_IDENTIFIER = com.erikoichinohe.sampleSourceUITests;
				PRODUCT_NAME = "$(TARGET_NAME)";
				SWIFT_VERSION = 3.0;
				TEST_TARGET_NAME = sampleSource;
			};
			name = Release;
		};
/* End XCBuildConfiguration section */

/* Begin XCConfigurationList section */
		1954DB111F28D640009F8174 /* Build configuration list for PBXProject "sampleSource" */ = {
			isa = XCConfigurationList;
			buildConfigurations = (
				1954DB3C1F28D640009F8174 /* Debug */,
				1954DB3D1F28D640009F8174 /* Release */,
			);
			defaultConfigurationIsVisible = 0;
			defaultConfigurationName = Release;
		};
		1954DB3E1F28D640009F8174 /* Build configuration list for PBXNativeTarget "sampleSource" */ = {
			isa = XCConfigurationList;
			buildConfigurations = (
				1954DB3F1F28D640009F8174 /* Debug */,
				1954DB401F28D640009F8174 /* Release */,
			);
			defaultConfigurationIsVisible = 0;
		};
		1954DB411F28D640009F8174 /* Build configuration list for PBXNativeTarget "sampleSourceTests" */ = {
			isa = XCConfigurationList;
			buildConfigurations = (
				1954DB421F28D640009F8174 /* Debug */,
				1954DB431F28D640009F8174 /* Release */,
			);
			defaultConfigurationIsVisible = 0;
		};
		1954DB441F28D640009F8174 /* Build configuration list for PBXNativeTarget "sampleSourceUITests" */ = {
			isa = XCConfigurationList;
			buildConfigurations = (
				1954DB451F28D640009F8174 /* Debug */,
				1954DB461F28D640009F8174 /* Release */,
			);
			defaultConfigurationIsVisible = 0;
		};
/* End XCConfigurationList section */
	};
	rootObject = 1954DB0E1F28D640009F8174 /* Project object */;
}
